
Microsoft Visual Studio Solution File, Format Version 12.00
# Visual Studio Version 17
VisualStudioVersion = 17.5.33530.505
MinimumVisualStudioVersion = 10.0.40219.1
Project("{FAE04EC0-301F-11D3-BF4B-00C04F79EFBC}") = "ConsoleApp1", "ConsoleApp1\ConsoleApp1.csproj", "{BFE28437-C33A-4B45-9853-820F0BDD4653}"
EndProject
Global
	GlobalSection(SolutionConfigurationPlatforms) = preSolution
		Debug|Any CPU = Debug|Any CPU
		Release|Any CPU = Release|Any CPU
	EndGlobalSection
	GlobalSection(ProjectConfigurationPlatforms) = postSolution
		{BFE28437-C33A-4B45-9853-820F0BDD4653}.Debug|Any CPU.ActiveCfg = Debug|Any CPU
		{BFE28437-C33A-4B45-9853-820F0BDD4653}.Debug|Any CPU.Build.0 = Debug|Any CPU
		{BFE28437-C33A-4B45-9853-820F0BDD4653}.Release|Any CPU.ActiveCfg = Release|Any CPU
		{BFE28437-C33A-4B45-9853-820F0BDD4653}.Release|Any CPU.Build.0 = Release|Any CPU
	EndGlobalSection
	GlobalSection(SolutionProperties) = preSolution
		HideSolutionNode = FALSE
	EndGlobalSection
	GlobalSection(ExtensibilityGlobals) = postSolution
		SolutionGuid = {29A3BB7D-E4BC-4F65-84D4-1DB30F9F75F5}
	EndGlobalSection
EndGlobal
